// !$*UTF8*$!
{
	archiveVersion = 1;
	classes = {
	};
	objectVersion = 56;
	objects = {

/* Begin PBXBuildFile section */
		CB0805A929D8CB8F000F9135 /* AppDelegate.swift in Sources */ = {isa = PBXBuildFile; fileRef = CB0805A829D8CB8F000F9135 /* AppDelegate.swift */; };
		CB0805AB29D8CB8F000F9135 /* SceneDelegate.swift in Sources */ = {isa = PBXBuildFile; fileRef = CB0805AA29D8CB8F000F9135 /* SceneDelegate.swift */; };
		CB0805AD29D8CB8F000F9135 /* ViewController.swift in Sources */ = {isa = PBXBuildFile; fileRef = CB0805AC29D8CB8F000F9135 /* ViewController.swift */; };
		CB0805B029D8CB8F000F9135 /* Main.storyboard in Resources */ = {isa = PBXBuildFile; fileRef = CB0805AE29D8CB8F000F9135 /* Main.storyboard */; };
		CB0805B229D8CB90000F9135 /* Assets.xcassets in Resources */ = {isa = PBXBuildFile; fileRef = CB0805B129D8CB90000F9135 /* Assets.xcassets */; };
		CB0805B529D8CB90000F9135 /* LaunchScreen.storyboard in Resources */ = {isa = PBXBuildFile; fileRef = CB0805B329D8CB90000F9135 /* LaunchScreen.storyboard */; };
		CB0805BD29D8F224000F9135 /* DetailsScreen.swift in Sources */ = {isa = PBXBuildFile; fileRef = CB0805BC29D8F224000F9135 /* DetailsScreen.swift */; };
		CB0805BF29DA5095000F9135 /* ImagesData.swift in Sources */ = {isa = PBXBuildFile; fileRef = CB0805BE29DA5095000F9135 /* ImagesData.swift */; };
		CB0805C129DA50E5000F9135 /* WeatherStructs.swift in Sources */ = {isa = PBXBuildFile; fileRef = CB0805C029DA50E5000F9135 /* WeatherStructs.swift */; };
		CB0805C329DA5A74000F9135 /* WeatherHelper.swift in Sources */ = {isa = PBXBuildFile; fileRef = CB0805C229DA5A74000F9135 /* WeatherHelper.swift */; };
		CB0805C529DB1220000F9135 /* AddNewLocation.swift in Sources */ = {isa = PBXBuildFile; fileRef = CB0805C429DB1220000F9135 /* AddNewLocation.swift */; };
/* End PBXBuildFile section */

/* Begin PBXFileReference section */
		CB0805A529D8CB8F000F9135 /* Project-2-Ankita-Weather-App.app */ = {isa = PBXFileReference; explicitFileType = wrapper.application; includeInIndex = 0; path = "Project-2-Ankita-Weather-App.app"; sourceTree = BUILT_PRODUCTS_DIR; };
		CB0805A829D8CB8F000F9135 /* AppDelegate.swift */ = {isa = PBXFileReference; lastKnownFileType = sourcecode.swift; path = AppDelegate.swift; sourceTree = "<group>"; };
		CB0805AA29D8CB8F000F9135 /* SceneDelegate.swift */ = {isa = PBXFileReference; lastKnownFileType = sourcecode.swift; path = SceneDelegate.swift; sourceTree = "<group>"; };
		CB0805AC29D8CB8F000F9135 /* ViewController.swift */ = {isa = PBXFileReference; lastKnownFileType = sourcecode.swift; path = ViewController.swift; sourceTree = "<group>"; };
		CB0805AF29D8CB8F000F9135 /* Base */ = {isa = PBXFileReference; lastKnownFileType = file.storyboard; name = Base; path = Base.lproj/Main.storyboard; sourceTree = "<group>"; };
		CB0805B129D8CB90000F9135 /* Assets.xcassets */ = {isa = PBXFileReference; lastKnownFileType = folder.assetcatalog; path = Assets.xcassets; sourceTree = "<group>"; };
		CB0805B429D8CB90000F9135 /* Base */ = {isa = PBXFileReference; lastKnownFileType = file.storyboard; name = Base; path = Base.lproj/LaunchScreen.storyboard; sourceTree = "<group>"; };
		CB0805B629D8CB90000F9135 /* Info.plist */ = {isa = PBXFileReference; lastKnownFileType = text.plist.xml; path = Info.plist; sourceTree = "<group>"; };
		CB0805BC29D8F224000F9135 /* DetailsScreen.swift */ = {isa = PBXFileReference; lastKnownFileType = sourcecode.swift; path = DetailsScreen.swift; sourceTree = "<group>"; };
		CB0805BE29DA5095000F9135 /* ImagesData.swift */ = {isa = PBXFileReference; lastKnownFileType = sourcecode.swift; path = ImagesData.swift; sourceTree = "<group>"; };
		CB0805C029DA50E5000F9135 /* WeatherStructs.swift */ = {isa = PBXFileReference; lastKnownFileType = sourcecode.swift; path = WeatherStructs.swift; sourceTree = "<group>"; };
		CB0805C229DA5A74000F9135 /* WeatherHelper.swift */ = {isa = PBXFileReference; lastKnownFileType = sourcecode.swift; path = WeatherHelper.swift; sourceTree = "<group>"; };
		CB0805C429DB1220000F9135 /* AddNewLocation.swift */ = {isa = PBXFileReference; lastKnownFileType = sourcecode.swift; path = AddNewLocation.swift; sourceTree = "<group>"; };
/* End PBXFileReference section */

/* Begin PBXFrameworksBuildPhase section */
		CB0805A229D8CB8F000F9135 /* Frameworks */ = {
			isa = PBXFrameworksBuildPhase;
			buildActionMask = 2147483647;
			files = (
			);
			runOnlyForDeploymentPostprocessing = 0;
		};
/* End PBXFrameworksBuildPhase section */

/* Begin PBXGroup section */
		CB08059C29D8CB8F000F9135 = {
			isa = PBXGroup;
			children = (
				CB0805A729D8CB8F000F9135 /* Project-2-Ankita-Weather-App */,
				CB0805A629D8CB8F000F9135 /* Products */,
			);
			sourceTree = "<group>";
		};
		CB0805A629D8CB8F000F9135 /* Products */ = {
			isa = PBXGroup;
			children = (
				CB0805A529D8CB8F000F9135 /* Project-2-Ankita-Weather-App.app */,
			);
			name = Products;
			sourceTree = "<group>";
		};
		CB0805A729D8CB8F000F9135 /* Project-2-Ankita-Weather-App */ = {
			isa = PBXGroup;
			children = (
				CB0805A829D8CB8F000F9135 /* AppDelegate.swift */,
				CB0805AA29D8CB8F000F9135 /* SceneDelegate.swift */,
				CB0805AC29D8CB8F000F9135 /* ViewController.swift */,
				CB0805BC29D8F224000F9135 /* DetailsScreen.swift */,
				CB0805BE29DA5095000F9135 /* ImagesData.swift */,
				CB0805C029DA50E5000F9135 /* WeatherStructs.swift */,
				CB0805C429DB1220000F9135 /* AddNewLocation.swift */,
				CB0805C229DA5A74000F9135 /* WeatherHelper.swift */,
				CB0805AE29D8CB8F000F9135 /* Main.storyboard */,
				CB0805B129D8CB90000F9135 /* Assets.xcassets */,
				CB0805B329D8CB90000F9135 /* LaunchScreen.storyboard */,
				CB0805B629D8CB90000F9135 /* Info.plist */,
			);
			path = "Project-2-Ankita-Weather-App";
			sourceTree = "<group>";
		};
/* End PBXGroup section */

/* Begin PBXNativeTarget section */
		CB0805A429D8CB8F000F9135 /* Project-2-Ankita-Weather-App */ = {
			isa = PBXNativeTarget;
			buildConfigurationList = CB0805B929D8CB90000F9135 /* Build configuration list for PBXNativeTarget "Project-2-Ankita-Weather-App" */;
			buildPhases = (
				CB0805A129D8CB8F000F9135 /* Sources */,
				CB0805A229D8CB8F000F9135 /* Frameworks */,
				CB0805A329D8CB8F000F9135 /* Resources */,
			);
			buildRules = (
			);
			dependencies = (
			);
			name = "Project-2-Ankita-Weather-App";
			productName = "Project-2-Ankita-Weather-App";
			productReference = CB0805A529D8CB8F000F9135 /* Project-2-Ankita-Weather-App.app */;
			productType = "com.apple.product-type.application";
		};
/* End PBXNativeTarget section */

/* Begin PBXProject section */
		CB08059D29D8CB8F000F9135 /* Project object */ = {
			isa = PBXProject;
			attributes = {
				BuildIndependentTargetsInParallel = 1;
				LastSwiftUpdateCheck = 1420;
				LastUpgradeCheck = 1420;
				TargetAttributes = {
					CB0805A429D8CB8F000F9135 = {
						CreatedOnToolsVersion = 14.2;
					};
				};
			};
			buildConfigurationList = CB0805A029D8CB8F000F9135 /* Build configuration list for PBXProject "Project-2-Ankita-Weather-App" */;
			compatibilityVersion = "Xcode 14.0";
			developmentRegion = en;
			hasScannedForEncodings = 0;
			knownRegions = (
				en,
				Base,
			);
			mainGroup = CB08059C29D8CB8F000F9135;
			productRefGroup = CB0805A629D8CB8F000F9135 /* Products */;
			projectDirPath = "";
			projectRoot = "";
			targets = (
				CB0805A429D8CB8F000F9135 /* Project-2-Ankita-Weather-App */,
			);
		};
/* End PBXProject section */

/* Begin PBXResourcesBuildPhase section */
		CB0805A329D8CB8F000F9135 /* Resources */ = {
			isa = PBXResourcesBuildPhase;
			buildActionMask = 2147483647;
			files = (
				CB0805B529D8CB90000F9135 /* LaunchScreen.storyboard in Resources */,
				CB0805B229D8CB90000F9135 /* Assets.xcassets in Resources */,
				CB0805B029D8CB8F000F9135 /* Main.storyboard in Resources */,
			);
			runOnlyForDeploymentPostprocessing = 0;
		};
/* End PBXResourcesBuildPhase section */

/* Begin PBXSourcesBuildPhase section */
		CB0805A129D8CB8F000F9135 /* Sources */ = {
			isa = PBXSourcesBuildPhase;
			buildActionMask = 2147483647;
			files = (
				CB0805BD29D8F224000F9135 /* DetailsScreen.swift in Sources */,
				CB0805AD29D8CB8F000F9135 /* ViewController.swift in Sources */,
				CB0805BF29DA5095000F9135 /* ImagesData.swift in Sources */,
				CB0805C529DB1220000F9135 /* AddNewLocation.swift in Sources */,
				CB0805A929D8CB8F000F9135 /* AppDelegate.swift in Sources */,
				CB0805C329DA5A74000F9135 /* WeatherHelper.swift in Sources */,
				CB0805AB29D8CB8F000F9135 /* SceneDelegate.swift in Sources */,
				CB0805C129DA50E5000F9135 /* WeatherStructs.swift in Sources */,
			);
			runOnlyForDeploymentPostprocessing = 0;
		};
/* End PBXSourcesBuildPhase section */

/* Begin PBXVariantGroup section */
		CB0805AE29D8CB8F000F9135 /* Main.storyboard */ = {
			isa = PBXVariantGroup;
			children = (
				CB0805AF29D8CB8F000F9135 /* Base */,
			);
			name = Main.storyboard;
			sourceTree = "<group>";
		};
		CB0805B329D8CB90000F9135 /* LaunchScreen.storyboard */ = {
			isa = PBXVariantGroup;
			children = (
				CB0805B429D8CB90000F9135 /* Base */,
			);
			name = LaunchScreen.storyboard;
			sourceTree = "<group>";
		};
/* End PBXVariantGroup section */

/* Begin XCBuildConfiguration section */
		CB0805B729D8CB90000F9135 /* Debug */ = {
			isa = XCBuildConfiguration;
			buildSettings = {
				ALWAYS_SEARCH_USER_PATHS = NO;
				CLANG_ANALYZER_NONNULL = YES;
				CLANG_ANALYZER_NUMBER_OBJECT_CONVERSION = YES_AGGRESSIVE;
				CLANG_CXX_LANGUAGE_STANDARD = "gnu++20";
				CLANG_ENABLE_MODULES = YES;
				CLANG_ENABLE_OBJC_ARC = YES;
				CLANG_ENABLE_OBJC_WEAK = YES;
				CLANG_WARN_BLOCK_CAPTURE_AUTORELEASING = YES;
				CLANG_WARN_BOOL_CONVERSION = YES;
				CLANG_WARN_COMMA = YES;
				CLANG_WARN_CONSTANT_CONVERSION = YES;
				CLANG_WARN_DEPRECATED_OBJC_IMPLEMENTATIONS = YES;
				CLANG_WARN_DIRECT_OBJC_ISA_USAGE = YES_ERROR;
				CLANG_WARN_DOCUMENTATION_COMMENTS = YES;
				CLANG_WARN_EMPTY_BODY = YES;
				CLANG_WARN_ENUM_CONVERSION = YES;
				CLANG_WARN_INFINITE_RECURSION = YES;
				CLANG_WARN_INT_CONVERSION = YES;
				CLANG_WARN_NON_LITERAL_NULL_CONVERSION = YES;
				CLANG_WARN_OBJC_IMPLICIT_RETAIN_SELF = YES;
				CLANG_WARN_OBJC_LITERAL_CONVERSION = YES;
				CLANG_WARN_OBJC_ROOT_CLASS = YES_ERROR;
				CLANG_WARN_QUOTED_INCLUDE_IN_FRAMEWORK_HEADER = YES;
				CLANG_WARN_RANGE_LOOP_ANALYSIS = YES;
				CLANG_WARN_STRICT_PROTOTYPES = YES;
				CLANG_WARN_SUSPICIOUS_MOVE = YES;
				CLANG_WARN_UNGUARDED_AVAILABILITY = YES_AGGRESSIVE;
				CLANG_WARN_UNREACHABLE_CODE = YES;
				CLANG_WARN__DUPLICATE_METHOD_MATCH = YES;
				COPY_PHASE_STRIP = NO;
				DEBUG_INFORMATION_FORMAT = dwarf;
				ENABLE_STRICT_OBJC_MSGSEND = YES;
				ENABLE_TESTABILITY = YES;
				GCC_C_LANGUAGE_STANDARD = gnu11;
				GCC_DYNAMIC_NO_PIC = NO;
				GCC_NO_COMMON_BLOCKS = YES;
				GCC_OPTIMIZATION_LEVEL = 0;
				GCC_PREPROCESSOR_DEFINITIONS = (
					"DEBUG=1",
					"$(inherited)",
				);
				GCC_WARN_64_TO_32_BIT_CONVERSION = YES;
				GCC_WARN_ABOUT_RETURN_TYPE = YES_ERROR;
				GCC_WARN_UNDECLARED_SELECTOR = YES;
				GCC_WARN_UNINITIALIZED_AUTOS = YES_AGGRESSIVE;
				GCC_WARN_UNUSED_FUNCTION = YES;
				GCC_WARN_UNUSED_VARIABLE = YES;
				IPHONEOS_DEPLOYMENT_TARGET = 16.2;
				MTL_ENABLE_DEBUG_INFO = INCLUDE_SOURCE;
				MTL_FAST_MATH = YES;
				ONLY_ACTIVE_ARCH = YES;
				SDKROOT = iphoneos;
				SWIFT_ACTIVE_COMPILATION_CONDITIONS = DEBUG;
				SWIFT_OPTIMIZATION_LEVEL = "-Onone";
			};
			name = Debug;
		};
		CB0805B829D8CB90000F9135 /* Release */ = {
			isa = XCBuildConfiguration;
			buildSettings = {
				ALWAYS_SEARCH_USER_PATHS = NO;
				CLANG_ANALYZER_NONNULL = YES;
				CLANG_ANALYZER_NUMBER_OBJECT_CONVERSION = YES_AGGRESSIVE;
				CLANG_CXX_LANGUAGE_STANDARD = "gnu++20";
				CLANG_ENABLE_MODULES = YES;
				CLANG_ENABLE_OBJC_ARC = YES;
				CLANG_ENABLE_OBJC_WEAK = YES;
				CLANG_WARN_BLOCK_CAPTURE_AUTORELEASING = YES;
				CLANG_WARN_BOOL_CONVERSION = YES;
				CLANG_WARN_COMMA = YES;
				CLANG_WARN_CONSTANT_CONVERSION = YES;
				CLANG_WARN_DEPRECATED_OBJC_IMPLEMENTATIONS = YES;
				CLANG_WARN_DIRECT_OBJC_ISA_USAGE = YES_ERROR;
				CLANG_WARN_DOCUMENTATION_COMMENTS = YES;
				CLANG_WARN_EMPTY_BODY = YES;
				CLANG_WARN_ENUM_CONVERSION = YES;
				CLANG_WARN_INFINITE_RECURSION = YES;
				CLANG_WARN_INT_CONVERSION = YES;
				CLANG_WARN_NON_LITERAL_NULL_CONVERSION = YES;
				CLANG_WARN_OBJC_IMPLICIT_RETAIN_SELF = YES;
				CLANG_WARN_OBJC_LITERAL_CONVERSION = YES;
				CLANG_WARN_OBJC_ROOT_CLASS = YES_ERROR;
				CLANG_WARN_QUOTED_INCLUDE_IN_FRAMEWORK_HEADER = YES;
				CLANG_WARN_RANGE_LOOP_ANALYSIS = YES;
				CLANG_WARN_STRICT_PROTOTYPES = YES;
				CLANG_WARN_SUSPICIOUS_MOVE = YES;
				CLANG_WARN_UNGUARDED_AVAILABILITY = YES_AGGRESSIVE;
				CLANG_WARN_UNREACHABLE_CODE = YES;
				CLANG_WARN__DUPLICATE_METHOD_MATCH = YES;
				COPY_PHASE_STRIP = NO;
				DEBUG_INFORMATION_FORMAT = "dwarf-with-dsym";
				ENABLE_NS_ASSERTIONS = NO;
				ENABLE_STRICT_OBJC_MSGSEND = YES;
				GCC_C_LANGUAGE_STANDARD = gnu11;
				GCC_NO_COMMON_BLOCKS = YES;
				GCC_WARN_64_TO_32_BIT_CONVERSION = YES;
				GCC_WARN_ABOUT_RETURN_TYPE = YES_ERROR;
				GCC_WARN_UNDECLARED_SELECTOR = YES;
				GCC_WARN_UNINITIALIZED_AUTOS = YES_AGGRESSIVE;
				GCC_WARN_UNUSED_FUNCTION = YES;
				GCC_WARN_UNUSED_VARIABLE = YES;
				IPHONEOS_DEPLOYMENT_TARGET = 16.2;
				MTL_ENABLE_DEBUG_INFO = NO;
				MTL_FAST_MATH = YES;
				SDKROOT = iphoneos;
				SWIFT_COMPILATION_MODE = wholemodule;
				SWIFT_OPTIMIZATION_LEVEL = "-O";
				VALIDATE_PRODUCT = YES;
			};
			name = Release;
		};
		CB0805BA29D8CB90000F9135 /* Debug */ = {
			isa = XCBuildConfiguration;
			buildSettings = {
				ASSETCATALOG_COMPILER_APPICON_NAME = AppIcon;
				ASSETCATALOG_COMPILER_GLOBAL_ACCENT_COLOR_NAME = AccentColor;
				CODE_SIGN_STYLE = Automatic;
				CURRENT_PROJECT_VERSION = 1;
				GENERATE_INFOPLIST_FILE = YES;
				INFOPLIST_FILE = "Project-2-Ankita-Weather-App/Info.plist";
				INFOPLIST_KEY_UIApplicationSupportsIndirectInputEvents = YES;
				INFOPLIST_KEY_UILaunchStoryboardName = LaunchScreen;
				INFOPLIST_KEY_UIMainStoryboardFile = Main;
				INFOPLIST_KEY_UISupportedInterfaceOrientations_iPad = "UIInterfaceOrientationPortrait UIInterfaceOrientationPortraitUpsideDown UIInterfaceOrientationLandscapeLeft UIInterfaceOrientationLandscapeRight";
				INFOPLIST_KEY_UISupportedInterfaceOrientations_iPhone = "UIInterfaceOrientationPortrait UIInterfaceOrientationLandscapeLeft UIInterfaceOrientationLandscapeRight";
				LD_RUNPATH_SEARCH_PATHS = (
					"$(inherited)",
					"@executable_path/Frameworks",
				);
				MARKETING_VERSION = 1.0;
				PRODUCT_BUNDLE_IDENTIFIER = "com.example.ankita-panjwani.Project-2-Ankita-Weather-App";
				PRODUCT_NAME = "$(TARGET_NAME)";
				SWIFT_EMIT_LOC_STRINGS = YES;
				SWIFT_VERSION = 5.0;
				TARGETED_DEVICE_FAMILY = "1,2";
			};
			name = Debug;
		};
		CB0805BB29D8CB90000F9135 /* Release */ = {
			isa = XCBuildConfiguration;
			buildSettings = {
				ASSETCATALOG_COMPILER_APPICON_NAME = AppIcon;
				ASSETCATALOG_COMPILER_GLOBAL_ACCENT_COLOR_NAME = AccentColor;
				CODE_SIGN_STYLE = Automatic;
				CURRENT_PROJECT_VERSION = 1;
				GENERATE_INFOPLIST_FILE = YES;
				INFOPLIST_FILE = "Project-2-Ankita-Weather-App/Info.plist";
				INFOPLIST_KEY_UIApplicationSupportsIndirectInputEvents = YES;
				INFOPLIST_KEY_UILaunchStoryboardName = LaunchScreen;
				INFOPLIST_KEY_UIMainStoryboardFile = Main;
				INFOPLIST_KEY_UISupportedInterfaceOrientations_iPad = "UIInterfaceOrientationPortrait UIInterfaceOrientationPortraitUpsideDown UIInterfaceOrientationLandscapeLeft UIInterfaceOrientationLandscapeRight";
				INFOPLIST_KEY_UISupportedInterfaceOrientations_iPhone = "UIInterfaceOrientationPortrait UIInterfaceOrientationLandscapeLeft UIInterfaceOrientationLandscapeRight";
				LD_RUNPATH_SEARCH_PATHS = (
					"$(inherited)",
					"@executable_path/Frameworks",
				);
				MARKETING_VERSION = 1.0;
				PRODUCT_BUNDLE_IDENTIFIER = "com.example.ankita-panjwani.Project-2-Ankita-Weather-App";
				PRODUCT_NAME = "$(TARGET_NAME)";
				SWIFT_EMIT_LOC_STRINGS = YES;
				SWIFT_VERSION = 5.0;
				TARGETED_DEVICE_FAMILY = "1,2";
			};
			name = Release;
		};
/* End XCBuildConfiguration section */

/* Begin XCConfigurationList section */
		CB0805A029D8CB8F000F9135 /* Build configuration list for PBXProject "Project-2-Ankita-Weather-App" */ = {
			isa = XCConfigurationList;
			buildConfigurations = (
				CB0805B729D8CB90000F9135 /* Debug */,
				CB0805B829D8CB90000F9135 /* Release */,
			);
			defaultConfigurationIsVisible = 0;
			defaultConfigurationName = Release;
		};
		CB0805B929D8CB90000F9135 /* Build configuration list for PBXNativeTarget "Project-2-Ankita-Weather-App" */ = {
			isa = XCConfigurationList;
			buildConfigurations = (
				CB0805BA29D8CB90000F9135 /* Debug */,
				CB0805BB29D8CB90000F9135 /* Release */,
			);
			defaultConfigurationIsVisible = 0;
			defaultConfigurationName = Release;
		};
/* End XCConfigurationList section */
	};
	rootObject = CB08059D29D8CB8F000F9135 /* Project object */;
}
